
Microsoft Visual Studio Solution File, Format Version 12.00
# Visual Studio Version 17
VisualStudioVersion = 17.9.34728.123
MinimumVisualStudioVersion = 10.0.40219.1
Project("{FAE04EC0-301F-11D3-BF4B-00C04F79EFBC}") = "Server", "Server\Server.csproj", "{DAB8AD4F-D82F-48C2-AED5-B90D4A4B406D}"
EndProject
Project("{FAE04EC0-301F-11D3-BF4B-00C04F79EFBC}") = "User", "User\User.csproj", "{5004567A-66E3-43E4-B2E4-7855110D10A2}"
EndProject
Global
	GlobalSection(SolutionConfigurationPlatforms) = preSolution
		Debug|Any CPU = Debug|Any CPU
		Release|Any CPU = Release|Any CPU
	EndGlobalSection
	GlobalSection(ProjectConfigurationPlatforms) = postSolution
		{DAB8AD4F-D82F-48C2-AED5-B90D4A4B406D}.Debug|Any CPU.ActiveCfg = Debug|Any CPU
		{DAB8AD4F-D82F-48C2-AED5-B90D4A4B406D}.Debug|Any CPU.Build.0 = Debug|Any CPU
		{DAB8AD4F-D82F-48C2-AED5-B90D4A4B406D}.Release|Any CPU.ActiveCfg = Release|Any CPU
		{DAB8AD4F-D82F-48C2-AED5-B90D4A4B406D}.Release|Any CPU.Build.0 = Release|Any CPU
		{5004567A-66E3-43E4-B2E4-7855110D10A2}.Debug|Any CPU.ActiveCfg = Debug|Any CPU
		{5004567A-66E3-43E4-B2E4-7855110D10A2}.Debug|Any CPU.Build.0 = Debug|Any CPU
		{5004567A-66E3-43E4-B2E4-7855110D10A2}.Release|Any CPU.ActiveCfg = Release|Any CPU
		{5004567A-66E3-43E4-B2E4-7855110D10A2}.Release|Any CPU.Build.0 = Release|Any CPU
	EndGlobalSection
	GlobalSection(SolutionProperties) = preSolution
		HideSolutionNode = FALSE
	EndGlobalSection
	GlobalSection(ExtensibilityGlobals) = postSolution
		SolutionGuid = {44BECF54-66CB-43F6-960D-B6D7EA32D0FE}
	EndGlobalSection
EndGlobal
